
Microsoft Visual Studio Solution File, Format Version 12.00
# Visual Studio Version 17
VisualStudioVersion = 17.9.34723.18
MinimumVisualStudioVersion = 10.0.40219.1
Project("{FAE04EC0-301F-11D3-BF4B-00C04F79EFBC}") = "ConsoleApp", "ConsoleApp.csproj", "{F72BE48C-0574-477A-BAE5-F7F44528FB76}"
EndProject
Global
	GlobalSection(SolutionConfigurationPlatforms) = preSolution
		Debug|Any CPU = Debug|Any CPU
		Release|Any CPU = Release|Any CPU
	EndGlobalSection
	GlobalSection(ProjectConfigurationPlatforms) = postSolution
		{F72BE48C-0574-477A-BAE5-F7F44528FB76}.Debug|Any CPU.ActiveCfg = Debug|Any CPU
		{F72BE48C-0574-477A-BAE5-F7F44528FB76}.Debug|Any CPU.Build.0 = Debug|Any CPU
		{F72BE48C-0574-477A-BAE5-F7F44528FB76}.Release|Any CPU.ActiveCfg = Release|Any CPU
		{F72BE48C-0574-477A-BAE5-F7F44528FB76}.Release|Any CPU.Build.0 = Release|Any CPU
	EndGlobalSection
	GlobalSection(SolutionProperties) = preSolution
		HideSolutionNode = FALSE
	EndGlobalSection
	GlobalSection(ExtensibilityGlobals) = postSolution
		SolutionGuid = {92FB7602-2ABF-4894-A976-AC063DBD8A52}
	EndGlobalSection
EndGlobal
